// !$*UTF8*$!
{
	archiveVersion = 1;
	classes = {
	};
	objectVersion = 56;
	objects = {

/* Begin PBXBuildFile section */
		AF42969E2BF66D4200D63C9D /* SwiftfulUIBootcamp.swift in Sources */ = {isa = PBXBuildFile; fileRef = AF42969D2BF66D4200D63C9D /* SwiftfulUIBootcamp.swift */; };
		AF4296A12BF66D5D00D63C9D /* SwiftfulUI in Frameworks */ = {isa = PBXBuildFile; productRef = AF4296A02BF66D5D00D63C9D /* SwiftfulUI */; };
		AF5DD95A2BF121CB009FC833 /* ImageLoader.swift in Sources */ = {isa = PBXBuildFile; fileRef = AF5DD9592BF121CB009FC833 /* ImageLoader.swift */; };
		AF5DD95C2BF1221A009FC833 /* ImagePrefetcher.swift in Sources */ = {isa = PBXBuildFile; fileRef = AF5DD95B2BF1221A009FC833 /* ImagePrefetcher.swift */; };
		AF5DD9602BF1230A009FC833 /* KingfisherBootcamp.swift in Sources */ = {isa = PBXBuildFile; fileRef = AF5DD95F2BF1230A009FC833 /* KingfisherBootcamp.swift */; };
		AF5DD9632BF12353009FC833 /* Kingfisher in Frameworks */ = {isa = PBXBuildFile; productRef = AF5DD9622BF12353009FC833 /* Kingfisher */; };
		AF8B98B62BEFCC4D00E7486D /* SwiftfulThinkingSPMsAndSDKsApp.swift in Sources */ = {isa = PBXBuildFile; fileRef = AF8B98B52BEFCC4D00E7486D /* SwiftfulThinkingSPMsAndSDKsApp.swift */; };
		AF8B98B82BEFCC4D00E7486D /* ContentView.swift in Sources */ = {isa = PBXBuildFile; fileRef = AF8B98B72BEFCC4D00E7486D /* ContentView.swift */; };
		AF8B98BA2BEFCC4F00E7486D /* Assets.xcassets in Resources */ = {isa = PBXBuildFile; fileRef = AF8B98B92BEFCC4F00E7486D /* Assets.xcassets */; };
		AF8B98BD2BEFCC4F00E7486D /* Preview Assets.xcassets in Resources */ = {isa = PBXBuildFile; fileRef = AF8B98BC2BEFCC4F00E7486D /* Preview Assets.xcassets */; };
		AF8B98C52BEFCDEE00E7486D /* SDWebImageSwiftUI in Frameworks */ = {isa = PBXBuildFile; productRef = AF8B98C42BEFCDEE00E7486D /* SDWebImageSwiftUI */; };
		AF8B98C72BEFCE4D00E7486D /* SDWebImageBootcamp.swift in Sources */ = {isa = PBXBuildFile; fileRef = AF8B98C62BEFCE4D00E7486D /* SDWebImageBootcamp.swift */; };
		AFBEB0192BF2738C0008BA28 /* KeychainSwiftBootcamp.swift in Sources */ = {isa = PBXBuildFile; fileRef = AFBEB0182BF2738C0008BA28 /* KeychainSwiftBootcamp.swift */; };
		AFBEB01C2BF275BA0008BA28 /* KeychainSwift in Frameworks */ = {isa = PBXBuildFile; productRef = AFBEB01B2BF275BA0008BA28 /* KeychainSwift */; };
/* End PBXBuildFile section */

/* Begin PBXFileReference section */
		AF42969D2BF66D4200D63C9D /* SwiftfulUIBootcamp.swift */ = {isa = PBXFileReference; lastKnownFileType = sourcecode.swift; path = SwiftfulUIBootcamp.swift; sourceTree = "<group>"; };
		AF5DD9592BF121CB009FC833 /* ImageLoader.swift */ = {isa = PBXFileReference; lastKnownFileType = sourcecode.swift; path = ImageLoader.swift; sourceTree = "<group>"; };
		AF5DD95B2BF1221A009FC833 /* ImagePrefetcher.swift */ = {isa = PBXFileReference; lastKnownFileType = sourcecode.swift; path = ImagePrefetcher.swift; sourceTree = "<group>"; };
		AF5DD95F2BF1230A009FC833 /* KingfisherBootcamp.swift */ = {isa = PBXFileReference; lastKnownFileType = sourcecode.swift; path = KingfisherBootcamp.swift; sourceTree = "<group>"; };
		AF8B98B22BEFCC4D00E7486D /* SwiftfulThinkingSPMsAndSDKs.app */ = {isa = PBXFileReference; explicitFileType = wrapper.application; includeInIndex = 0; path = SwiftfulThinkingSPMsAndSDKs.app; sourceTree = BUILT_PRODUCTS_DIR; };
		AF8B98B52BEFCC4D00E7486D /* SwiftfulThinkingSPMsAndSDKsApp.swift */ = {isa = PBXFileReference; lastKnownFileType = sourcecode.swift; path = SwiftfulThinkingSPMsAndSDKsApp.swift; sourceTree = "<group>"; };
		AF8B98B72BEFCC4D00E7486D /* ContentView.swift */ = {isa = PBXFileReference; lastKnownFileType = sourcecode.swift; path = ContentView.swift; sourceTree = "<group>"; };
		AF8B98B92BEFCC4F00E7486D /* Assets.xcassets */ = {isa = PBXFileReference; lastKnownFileType = folder.assetcatalog; path = Assets.xcassets; sourceTree = "<group>"; };
		AF8B98BC2BEFCC4F00E7486D /* Preview Assets.xcassets */ = {isa = PBXFileReference; lastKnownFileType = folder.assetcatalog; path = "Preview Assets.xcassets"; sourceTree = "<group>"; };
		AF8B98C62BEFCE4D00E7486D /* SDWebImageBootcamp.swift */ = {isa = PBXFileReference; lastKnownFileType = sourcecode.swift; path = SDWebImageBootcamp.swift; sourceTree = "<group>"; };
		AFBEB0182BF2738C0008BA28 /* KeychainSwiftBootcamp.swift */ = {isa = PBXFileReference; lastKnownFileType = sourcecode.swift; path = KeychainSwiftBootcamp.swift; sourceTree = "<group>"; };
/* End PBXFileReference section */

/* Begin PBXFrameworksBuildPhase section */
		AF8B98AF2BEFCC4D00E7486D /* Frameworks */ = {
			isa = PBXFrameworksBuildPhase;
			buildActionMask = 2147483647;
			files = (
				AF4296A12BF66D5D00D63C9D /* SwiftfulUI in Frameworks */,
				AFBEB01C2BF275BA0008BA28 /* KeychainSwift in Frameworks */,
				AF5DD9632BF12353009FC833 /* Kingfisher in Frameworks */,
				AF8B98C52BEFCDEE00E7486D /* SDWebImageSwiftUI in Frameworks */,
			);
			runOnlyForDeploymentPostprocessing = 0;
		};
/* End PBXFrameworksBuildPhase section */

/* Begin PBXGroup section */
		AF42969C2BF66C5100D63C9D /* UIHelpers */ = {
			isa = PBXGroup;
			children = (
				AF42969D2BF66D4200D63C9D /* SwiftfulUIBootcamp.swift */,
			);
			path = UIHelpers;
			sourceTree = "<group>";
		};
		AF5DD9582BF121B0009FC833 /* ImageLoading */ = {
			isa = PBXGroup;
			children = (
				AF5DD95E2BF122BD009FC833 /* Generic */,
				AF5DD95D2BF122B0009FC833 /* SPMs */,
			);
			path = ImageLoading;
			sourceTree = "<group>";
		};
		AF5DD95D2BF122B0009FC833 /* SPMs */ = {
			isa = PBXGroup;
			children = (
				AF8B98C62BEFCE4D00E7486D /* SDWebImageBootcamp.swift */,
				AF5DD95F2BF1230A009FC833 /* KingfisherBootcamp.swift */,
			);
			path = SPMs;
			sourceTree = "<group>";
		};
		AF5DD95E2BF122BD009FC833 /* Generic */ = {
			isa = PBXGroup;
			children = (
				AF5DD9592BF121CB009FC833 /* ImageLoader.swift */,
				AF5DD95B2BF1221A009FC833 /* ImagePrefetcher.swift */,
			);
			path = Generic;
			sourceTree = "<group>";
		};
		AF8B98A92BEFCC4D00E7486D = {
			isa = PBXGroup;
			children = (
				AF8B98B42BEFCC4D00E7486D /* SwiftfulThinkingSPMsAndSDKs */,
				AF8B98B32BEFCC4D00E7486D /* Products */,
			);
			sourceTree = "<group>";
		};
		AF8B98B32BEFCC4D00E7486D /* Products */ = {
			isa = PBXGroup;
			children = (
				AF8B98B22BEFCC4D00E7486D /* SwiftfulThinkingSPMsAndSDKs.app */,
			);
			name = Products;
			sourceTree = "<group>";
		};
		AF8B98B42BEFCC4D00E7486D /* SwiftfulThinkingSPMsAndSDKs */ = {
			isa = PBXGroup;
			children = (
				AF8B98B52BEFCC4D00E7486D /* SwiftfulThinkingSPMsAndSDKsApp.swift */,
				AF8B98B72BEFCC4D00E7486D /* ContentView.swift */,
				AF42969C2BF66C5100D63C9D /* UIHelpers */,
				AFBEB0172BF273260008BA28 /* Keychains */,
				AF5DD9582BF121B0009FC833 /* ImageLoading */,
				AF8B98B92BEFCC4F00E7486D /* Assets.xcassets */,
				AF8B98BB2BEFCC4F00E7486D /* Preview Content */,
			);
			path = SwiftfulThinkingSPMsAndSDKs;
			sourceTree = "<group>";
		};
		AF8B98BB2BEFCC4F00E7486D /* Preview Content */ = {
			isa = PBXGroup;
			children = (
				AF8B98BC2BEFCC4F00E7486D /* Preview Assets.xcassets */,
			);
			path = "Preview Content";
			sourceTree = "<group>";
		};
		AFBEB0172BF273260008BA28 /* Keychains */ = {
			isa = PBXGroup;
			children = (
				AFBEB0182BF2738C0008BA28 /* KeychainSwiftBootcamp.swift */,
			);
			path = Keychains;
			sourceTree = "<group>";
		};
/* End PBXGroup section */

/* Begin PBXNativeTarget section */
		AF8B98B12BEFCC4D00E7486D /* SwiftfulThinkingSPMsAndSDKs */ = {
			isa = PBXNativeTarget;
			buildConfigurationList = AF8B98C02BEFCC4F00E7486D /* Build configuration list for PBXNativeTarget "SwiftfulThinkingSPMsAndSDKs" */;
			buildPhases = (
				AF8B98AE2BEFCC4D00E7486D /* Sources */,
				AF8B98AF2BEFCC4D00E7486D /* Frameworks */,
				AF8B98B02BEFCC4D00E7486D /* Resources */,
			);
			buildRules = (
			);
			dependencies = (
			);
			name = SwiftfulThinkingSPMsAndSDKs;
			packageProductDependencies = (
				AF8B98C42BEFCDEE00E7486D /* SDWebImageSwiftUI */,
				AF5DD9622BF12353009FC833 /* Kingfisher */,
				AFBEB01B2BF275BA0008BA28 /* KeychainSwift */,
				AF4296A02BF66D5D00D63C9D /* SwiftfulUI */,
			);
			productName = SwiftfulThinkingSPMsAndSDKs;
			productReference = AF8B98B22BEFCC4D00E7486D /* SwiftfulThinkingSPMsAndSDKs.app */;
			productType = "com.apple.product-type.application";
		};
/* End PBXNativeTarget section */

/* Begin PBXProject section */
		AF8B98AA2BEFCC4D00E7486D /* Project object */ = {
			isa = PBXProject;
			attributes = {
				BuildIndependentTargetsInParallel = 1;
				LastSwiftUpdateCheck = 1520;
				LastUpgradeCheck = 1520;
				TargetAttributes = {
					AF8B98B12BEFCC4D00E7486D = {
						CreatedOnToolsVersion = 15.2;
					};
				};
			};
			buildConfigurationList = AF8B98AD2BEFCC4D00E7486D /* Build configuration list for PBXProject "SwiftfulThinkingSPMsAndSDKs" */;
			compatibilityVersion = "Xcode 14.0";
			developmentRegion = en;
			hasScannedForEncodings = 0;
			knownRegions = (
				en,
				Base,
			);
			mainGroup = AF8B98A92BEFCC4D00E7486D;
			packageReferences = (
				AF8B98C32BEFCDEE00E7486D /* XCRemoteSwiftPackageReference "SDWebImageSwiftUI" */,
				AF5DD9612BF12353009FC833 /* XCRemoteSwiftPackageReference "Kingfisher" */,
				AFBEB01A2BF275BA0008BA28 /* XCRemoteSwiftPackageReference "keychain-swift" */,
				AF42969F2BF66D5D00D63C9D /* XCRemoteSwiftPackageReference "SwiftfulUI" */,
			);
			productRefGroup = AF8B98B32BEFCC4D00E7486D /* Products */;
			projectDirPath = "";
			projectRoot = "";
			targets = (
				AF8B98B12BEFCC4D00E7486D /* SwiftfulThinkingSPMsAndSDKs */,
			);
		};
/* End PBXProject section */

/* Begin PBXResourcesBuildPhase section */
		AF8B98B02BEFCC4D00E7486D /* Resources */ = {
			isa = PBXResourcesBuildPhase;
			buildActionMask = 2147483647;
			files = (
				AF8B98BD2BEFCC4F00E7486D /* Preview Assets.xcassets in Resources */,
				AF8B98BA2BEFCC4F00E7486D /* Assets.xcassets in Resources */,
			);
			runOnlyForDeploymentPostprocessing = 0;
		};
/* End PBXResourcesBuildPhase section */

/* Begin PBXSourcesBuildPhase section */
		AF8B98AE2BEFCC4D00E7486D /* Sources */ = {
			isa = PBXSourcesBuildPhase;
			buildActionMask = 2147483647;
			files = (
				AF8B98B82BEFCC4D00E7486D /* ContentView.swift in Sources */,
				AF8B98B62BEFCC4D00E7486D /* SwiftfulThinkingSPMsAndSDKsApp.swift in Sources */,
				AF42969E2BF66D4200D63C9D /* SwiftfulUIBootcamp.swift in Sources */,
				AF5DD9602BF1230A009FC833 /* KingfisherBootcamp.swift in Sources */,
				AFBEB0192BF2738C0008BA28 /* KeychainSwiftBootcamp.swift in Sources */,
				AF5DD95A2BF121CB009FC833 /* ImageLoader.swift in Sources */,
				AF5DD95C2BF1221A009FC833 /* ImagePrefetcher.swift in Sources */,
				AF8B98C72BEFCE4D00E7486D /* SDWebImageBootcamp.swift in Sources */,
			);
			runOnlyForDeploymentPostprocessing = 0;
		};
/* End PBXSourcesBuildPhase section */

/* Begin XCBuildConfiguration section */
		AF8B98BE2BEFCC4F00E7486D /* Debug */ = {
			isa = XCBuildConfiguration;
			buildSettings = {
				ALWAYS_SEARCH_USER_PATHS = NO;
				ASSETCATALOG_COMPILER_GENERATE_SWIFT_ASSET_SYMBOL_EXTENSIONS = YES;
				CLANG_ANALYZER_NONNULL = YES;
				CLANG_ANALYZER_NUMBER_OBJECT_CONVERSION = YES_AGGRESSIVE;
				CLANG_CXX_LANGUAGE_STANDARD = "gnu++20";
				CLANG_ENABLE_MODULES = YES;
				CLANG_ENABLE_OBJC_ARC = YES;
				CLANG_ENABLE_OBJC_WEAK = YES;
				CLANG_WARN_BLOCK_CAPTURE_AUTORELEASING = YES;
				CLANG_WARN_BOOL_CONVERSION = YES;
				CLANG_WARN_COMMA = YES;
				CLANG_WARN_CONSTANT_CONVERSION = YES;
				CLANG_WARN_DEPRECATED_OBJC_IMPLEMENTATIONS = YES;
				CLANG_WARN_DIRECT_OBJC_ISA_USAGE = YES_ERROR;
				CLANG_WARN_DOCUMENTATION_COMMENTS = YES;
				CLANG_WARN_EMPTY_BODY = YES;
				CLANG_WARN_ENUM_CONVERSION = YES;
				CLANG_WARN_INFINITE_RECURSION = YES;
				CLANG_WARN_INT_CONVERSION = YES;
				CLANG_WARN_NON_LITERAL_NULL_CONVERSION = YES;
				CLANG_WARN_OBJC_IMPLICIT_RETAIN_SELF = YES;
				CLANG_WARN_OBJC_LITERAL_CONVERSION = YES;
				CLANG_WARN_OBJC_ROOT_CLASS = YES_ERROR;
				CLANG_WARN_QUOTED_INCLUDE_IN_FRAMEWORK_HEADER = YES;
				CLANG_WARN_RANGE_LOOP_ANALYSIS = YES;
				CLANG_WARN_STRICT_PROTOTYPES = YES;
				CLANG_WARN_SUSPICIOUS_MOVE = YES;
				CLANG_WARN_UNGUARDED_AVAILABILITY = YES_AGGRESSIVE;
				CLANG_WARN_UNREACHABLE_CODE = YES;
				CLANG_WARN__DUPLICATE_METHOD_MATCH = YES;
				COPY_PHASE_STRIP = NO;
				DEBUG_INFORMATION_FORMAT = dwarf;
				ENABLE_STRICT_OBJC_MSGSEND = YES;
				ENABLE_TESTABILITY = YES;
				ENABLE_USER_SCRIPT_SANDBOXING = YES;
				GCC_C_LANGUAGE_STANDARD = gnu17;
				GCC_DYNAMIC_NO_PIC = NO;
				GCC_NO_COMMON_BLOCKS = YES;
				GCC_OPTIMIZATION_LEVEL = 0;
				GCC_PREPROCESSOR_DEFINITIONS = (
					"DEBUG=1",
					"$(inherited)",
				);
				GCC_WARN_64_TO_32_BIT_CONVERSION = YES;
				GCC_WARN_ABOUT_RETURN_TYPE = YES_ERROR;
				GCC_WARN_UNDECLARED_SELECTOR = YES;
				GCC_WARN_UNINITIALIZED_AUTOS = YES_AGGRESSIVE;
				GCC_WARN_UNUSED_FUNCTION = YES;
				GCC_WARN_UNUSED_VARIABLE = YES;
				IPHONEOS_DEPLOYMENT_TARGET = 17.2;
				LOCALIZATION_PREFERS_STRING_CATALOGS = YES;
				MTL_ENABLE_DEBUG_INFO = INCLUDE_SOURCE;
				MTL_FAST_MATH = YES;
				ONLY_ACTIVE_ARCH = YES;
				SDKROOT = iphoneos;
				SWIFT_ACTIVE_COMPILATION_CONDITIONS = "DEBUG $(inherited)";
				SWIFT_OPTIMIZATION_LEVEL = "-Onone";
			};
			name = Debug;
		};
		AF8B98BF2BEFCC4F00E7486D /* Release */ = {
			isa = XCBuildConfiguration;
			buildSettings = {
				ALWAYS_SEARCH_USER_PATHS = NO;
				ASSETCATALOG_COMPILER_GENERATE_SWIFT_ASSET_SYMBOL_EXTENSIONS = YES;
				CLANG_ANALYZER_NONNULL = YES;
				CLANG_ANALYZER_NUMBER_OBJECT_CONVERSION = YES_AGGRESSIVE;
				CLANG_CXX_LANGUAGE_STANDARD = "gnu++20";
				CLANG_ENABLE_MODULES = YES;
				CLANG_ENABLE_OBJC_ARC = YES;
				CLANG_ENABLE_OBJC_WEAK = YES;
				CLANG_WARN_BLOCK_CAPTURE_AUTORELEASING = YES;
				CLANG_WARN_BOOL_CONVERSION = YES;
				CLANG_WARN_COMMA = YES;
				CLANG_WARN_CONSTANT_CONVERSION = YES;
				CLANG_WARN_DEPRECATED_OBJC_IMPLEMENTATIONS = YES;
				CLANG_WARN_DIRECT_OBJC_ISA_USAGE = YES_ERROR;
				CLANG_WARN_DOCUMENTATION_COMMENTS = YES;
				CLANG_WARN_EMPTY_BODY = YES;
				CLANG_WARN_ENUM_CONVERSION = YES;
				CLANG_WARN_INFINITE_RECURSION = YES;
				CLANG_WARN_INT_CONVERSION = YES;
				CLANG_WARN_NON_LITERAL_NULL_CONVERSION = YES;
				CLANG_WARN_OBJC_IMPLICIT_RETAIN_SELF = YES;
				CLANG_WARN_OBJC_LITERAL_CONVERSION = YES;
				CLANG_WARN_OBJC_ROOT_CLASS = YES_ERROR;
				CLANG_WARN_QUOTED_INCLUDE_IN_FRAMEWORK_HEADER = YES;
				CLANG_WARN_RANGE_LOOP_ANALYSIS = YES;
				CLANG_WARN_STRICT_PROTOTYPES = YES;
				CLANG_WARN_SUSPICIOUS_MOVE = YES;
				CLANG_WARN_UNGUARDED_AVAILABILITY = YES_AGGRESSIVE;
				CLANG_WARN_UNREACHABLE_CODE = YES;
				CLANG_WARN__DUPLICATE_METHOD_MATCH = YES;
				COPY_PHASE_STRIP = NO;
				DEBUG_INFORMATION_FORMAT = "dwarf-with-dsym";
				ENABLE_NS_ASSERTIONS = NO;
				ENABLE_STRICT_OBJC_MSGSEND = YES;
				ENABLE_USER_SCRIPT_SANDBOXING = YES;
				GCC_C_LANGUAGE_STANDARD = gnu17;
				GCC_NO_COMMON_BLOCKS = YES;
				GCC_WARN_64_TO_32_BIT_CONVERSION = YES;
				GCC_WARN_ABOUT_RETURN_TYPE = YES_ERROR;
				GCC_WARN_UNDECLARED_SELECTOR = YES;
				GCC_WARN_UNINITIALIZED_AUTOS = YES_AGGRESSIVE;
				GCC_WARN_UNUSED_FUNCTION = YES;
				GCC_WARN_UNUSED_VARIABLE = YES;
				IPHONEOS_DEPLOYMENT_TARGET = 17.2;
				LOCALIZATION_PREFERS_STRING_CATALOGS = YES;
				MTL_ENABLE_DEBUG_INFO = NO;
				MTL_FAST_MATH = YES;
				SDKROOT = iphoneos;
				SWIFT_COMPILATION_MODE = wholemodule;
				VALIDATE_PRODUCT = YES;
			};
			name = Release;
		};
		AF8B98C12BEFCC4F00E7486D /* Debug */ = {
			isa = XCBuildConfiguration;
			buildSettings = {
				ASSETCATALOG_COMPILER_APPICON_NAME = AppIcon;
				ASSETCATALOG_COMPILER_GLOBAL_ACCENT_COLOR_NAME = AccentColor;
				CODE_SIGN_STYLE = Automatic;
				CURRENT_PROJECT_VERSION = 1;
				DEVELOPMENT_ASSET_PATHS = "\"SwiftfulThinkingSPMsAndSDKs/Preview Content\"";
				DEVELOPMENT_TEAM = 7B475922E3;
				ENABLE_PREVIEWS = YES;
				GENERATE_INFOPLIST_FILE = YES;
				INFOPLIST_KEY_UIApplicationSceneManifest_Generation = YES;
				INFOPLIST_KEY_UIApplicationSupportsIndirectInputEvents = YES;
				INFOPLIST_KEY_UILaunchScreen_Generation = YES;
				INFOPLIST_KEY_UISupportedInterfaceOrientations_iPad = "UIInterfaceOrientationPortrait UIInterfaceOrientationPortraitUpsideDown UIInterfaceOrientationLandscapeLeft UIInterfaceOrientationLandscapeRight";
				INFOPLIST_KEY_UISupportedInterfaceOrientations_iPhone = "UIInterfaceOrientationPortrait UIInterfaceOrientationLandscapeLeft UIInterfaceOrientationLandscapeRight";
				LD_RUNPATH_SEARCH_PATHS = (
					"$(inherited)",
					"@executable_path/Frameworks",
				);
				MARKETING_VERSION = 1.0;
				PRODUCT_BUNDLE_IDENTIFIER = com.arturremizov.SwiftfulThinkingSPMsAndSDKs;
				PRODUCT_NAME = "$(TARGET_NAME)";
				SWIFT_EMIT_LOC_STRINGS = YES;
				SWIFT_VERSION = 5.0;
				TARGETED_DEVICE_FAMILY = "1,2";
			};
			name = Debug;
		};
		AF8B98C22BEFCC4F00E7486D /* Release */ = {
			isa = XCBuildConfiguration;
			buildSettings = {
				ASSETCATALOG_COMPILER_APPICON_NAME = AppIcon;
				ASSETCATALOG_COMPILER_GLOBAL_ACCENT_COLOR_NAME = AccentColor;
				CODE_SIGN_STYLE = Automatic;
				CURRENT_PROJECT_VERSION = 1;
				DEVELOPMENT_ASSET_PATHS = "\"SwiftfulThinkingSPMsAndSDKs/Preview Content\"";
				DEVELOPMENT_TEAM = 7B475922E3;
				ENABLE_PREVIEWS = YES;
				GENERATE_INFOPLIST_FILE = YES;
				INFOPLIST_KEY_UIApplicationSceneManifest_Generation = YES;
				INFOPLIST_KEY_UIApplicationSupportsIndirectInputEvents = YES;
				INFOPLIST_KEY_UILaunchScreen_Generation = YES;
				INFOPLIST_KEY_UISupportedInterfaceOrientations_iPad = "UIInterfaceOrientationPortrait UIInterfaceOrientationPortraitUpsideDown UIInterfaceOrientationLandscapeLeft UIInterfaceOrientationLandscapeRight";
				INFOPLIST_KEY_UISupportedInterfaceOrientations_iPhone = "UIInterfaceOrientationPortrait UIInterfaceOrientationLandscapeLeft UIInterfaceOrientationLandscapeRight";
				LD_RUNPATH_SEARCH_PATHS = (
					"$(inherited)",
					"@executable_path/Frameworks",
				);
				MARKETING_VERSION = 1.0;
				PRODUCT_BUNDLE_IDENTIFIER = com.arturremizov.SwiftfulThinkingSPMsAndSDKs;
				PRODUCT_NAME = "$(TARGET_NAME)";
				SWIFT_EMIT_LOC_STRINGS = YES;
				SWIFT_VERSION = 5.0;
				TARGETED_DEVICE_FAMILY = "1,2";
			};
			name = Release;
		};
/* End XCBuildConfiguration section */

/* Begin XCConfigurationList section */
		AF8B98AD2BEFCC4D00E7486D /* Build configuration list for PBXProject "SwiftfulThinkingSPMsAndSDKs" */ = {
			isa = XCConfigurationList;
			buildConfigurations = (
				AF8B98BE2BEFCC4F00E7486D /* Debug */,
				AF8B98BF2BEFCC4F00E7486D /* Release */,
			);
			defaultConfigurationIsVisible = 0;
			defaultConfigurationName = Release;
		};
		AF8B98C02BEFCC4F00E7486D /* Build configuration list for PBXNativeTarget "SwiftfulThinkingSPMsAndSDKs" */ = {
			isa = XCConfigurationList;
			buildConfigurations = (
				AF8B98C12BEFCC4F00E7486D /* Debug */,
				AF8B98C22BEFCC4F00E7486D /* Release */,
			);
			defaultConfigurationIsVisible = 0;
			defaultConfigurationName = Release;
		};
/* End XCConfigurationList section */

/* Begin XCRemoteSwiftPackageReference section */
		AF42969F2BF66D5D00D63C9D /* XCRemoteSwiftPackageReference "SwiftfulUI" */ = {
			isa = XCRemoteSwiftPackageReference;
			repositoryURL = "https://github.com/SwiftfulThinking/SwiftfulUI.git";
			requirement = {
				kind = upToNextMajorVersion;
				minimumVersion = 1.2.0;
			};
		};
		AF5DD9612BF12353009FC833 /* XCRemoteSwiftPackageReference "Kingfisher" */ = {
			isa = XCRemoteSwiftPackageReference;
			repositoryURL = "https://github.com/onevcat/Kingfisher.git";
			requirement = {
				kind = upToNextMajorVersion;
				minimumVersion = 7.11.0;
			};
		};
		AF8B98C32BEFCDEE00E7486D /* XCRemoteSwiftPackageReference "SDWebImageSwiftUI" */ = {
			isa = XCRemoteSwiftPackageReference;
			repositoryURL = "https://github.com/SDWebImage/SDWebImageSwiftUI.git";
			requirement = {
				kind = upToNextMajorVersion;
				minimumVersion = 3.0.4;
			};
		};
		AFBEB01A2BF275BA0008BA28 /* XCRemoteSwiftPackageReference "keychain-swift" */ = {
			isa = XCRemoteSwiftPackageReference;
			repositoryURL = "https://github.com/evgenyneu/keychain-swift.git";
			requirement = {
				kind = upToNextMajorVersion;
				minimumVersion = 24.0.0;
			};
		};
/* End XCRemoteSwiftPackageReference section */

/* Begin XCSwiftPackageProductDependency section */
		AF4296A02BF66D5D00D63C9D /* SwiftfulUI */ = {
			isa = XCSwiftPackageProductDependency;
			package = AF42969F2BF66D5D00D63C9D /* XCRemoteSwiftPackageReference "SwiftfulUI" */;
			productName = SwiftfulUI;
		};
		AF5DD9622BF12353009FC833 /* Kingfisher */ = {
			isa = XCSwiftPackageProductDependency;
			package = AF5DD9612BF12353009FC833 /* XCRemoteSwiftPackageReference "Kingfisher" */;
			productName = Kingfisher;
		};
		AF8B98C42BEFCDEE00E7486D /* SDWebImageSwiftUI */ = {
			isa = XCSwiftPackageProductDependency;
			package = AF8B98C32BEFCDEE00E7486D /* XCRemoteSwiftPackageReference "SDWebImageSwiftUI" */;
			productName = SDWebImageSwiftUI;
		};
		AFBEB01B2BF275BA0008BA28 /* KeychainSwift */ = {
			isa = XCSwiftPackageProductDependency;
			package = AFBEB01A2BF275BA0008BA28 /* XCRemoteSwiftPackageReference "keychain-swift" */;
			productName = KeychainSwift;
		};
/* End XCSwiftPackageProductDependency section */
	};
	rootObject = AF8B98AA2BEFCC4D00E7486D /* Project object */;
}
